
Microsoft Visual Studio Solution File, Format Version 12.00
# Visual Studio Version 16
VisualStudioVersion = 16.0.32510.428
MinimumVisualStudioVersion = 10.0.40219.1
Project("{FAE04EC0-301F-11D3-BF4B-00C04F79EFBC}") = "ReminderBackend", "ReminderBackend\ReminderBackend.csproj", "{F9F070BC-B33D-4EC6-B4B7-DE3F802AF7EA}"
EndProject
Global
	GlobalSection(SolutionConfigurationPlatforms) = preSolution
		Debug|Any CPU = Debug|Any CPU
		Release|Any CPU = Release|Any CPU
	EndGlobalSection
	GlobalSection(ProjectConfigurationPlatforms) = postSolution
		{F9F070BC-B33D-4EC6-B4B7-DE3F802AF7EA}.Debug|Any CPU.ActiveCfg = Debug|Any CPU
		{F9F070BC-B33D-4EC6-B4B7-DE3F802AF7EA}.Debug|Any CPU.Build.0 = Debug|Any CPU
		{F9F070BC-B33D-4EC6-B4B7-DE3F802AF7EA}.Release|Any CPU.ActiveCfg = Release|Any CPU
		{F9F070BC-B33D-4EC6-B4B7-DE3F802AF7EA}.Release|Any CPU.Build.0 = Release|Any CPU
	EndGlobalSection
	GlobalSection(SolutionProperties) = preSolution
		HideSolutionNode = FALSE
	EndGlobalSection
	GlobalSection(ExtensibilityGlobals) = postSolution
		SolutionGuid = {DA26B320-2467-4A9C-865C-9E2FFE86DDC7}
	EndGlobalSection
EndGlobal
